dependencies:
- name: springbank-common
  repository: file://../../springbank-common
  version: 0.1.0
- name: configserver
  repository: file://../../springbank-services/configserver
  version: 0.1.0
- name: accounts
  repository: file://../../springbank-services/accounts
  version: 0.1.0
- name: cards
  repository: file://../../springbank-services/cards
  version: 0.1.0
- name: loans
  repository: file://../../springbank-services/loans
  version: 0.1.0
- name: gatewayserver
  repository: file://../../springbank-services/gatewayserver
  version: 0.1.0
- name: message
  repository: file://../../springbank-services/message
  version: 0.1.0
digest: sha256:83f28c3d7192b13e205fdc0f8d8a0b683ebd0bb205a849a0d43ad1bd0ecbb0c9
generated: "2025-12-06T00:03:17.5839652+05:30"
